
Microsoft Visual Studio Solution File, Format Version 12.00
# Visual Studio Version 17
VisualStudioVersion = 17.2.32630.192
MinimumVisualStudioVersion = 10.0.40219.1
Project("{FAE04EC0-301F-11D3-BF4B-00C04F79EFBC}") = "PoojaBkngAPI", "PoojaBkngAPI\PoojaBkngAPI.csproj", "{1146F4D9-5ABE-47CA-B7A5-2CB1BA556E7B}"
EndProject
Global
	GlobalSection(SolutionConfigurationPlatforms) = preSolution
		Debug|Any CPU = Debug|Any CPU
		Release|Any CPU = Release|Any CPU
	EndGlobalSection
	GlobalSection(ProjectConfigurationPlatforms) = postSolution
		{1146F4D9-5ABE-47CA-B7A5-2CB1BA556E7B}.Debug|Any CPU.ActiveCfg = Debug|Any CPU
		{1146F4D9-5ABE-47CA-B7A5-2CB1BA556E7B}.Debug|Any CPU.Build.0 = Debug|Any CPU
		{1146F4D9-5ABE-47CA-B7A5-2CB1BA556E7B}.Release|Any CPU.ActiveCfg = Release|Any CPU
		{1146F4D9-5ABE-47CA-B7A5-2CB1BA556E7B}.Release|Any CPU.Build.0 = Release|Any CPU
	EndGlobalSection
	GlobalSection(SolutionProperties) = preSolution
		HideSolutionNode = FALSE
	EndGlobalSection
	GlobalSection(ExtensibilityGlobals) = postSolution
		SolutionGuid = {6AB09383-305E-4E19-9777-FD431A0F04D4}
	EndGlobalSection
EndGlobal
