
Microsoft Visual Studio Solution File, Format Version 12.00
# Visual Studio Version 17
VisualStudioVersion = 17.2.32630.192
MinimumVisualStudioVersion = 10.0.40219.1
Project("{FAE04EC0-301F-11D3-BF4B-00C04F79EFBC}") = "SlotBookingAPI", "SlotBookingAPI\SlotBookingAPI.csproj", "{40B94413-C8CD-481E-8F65-6E11258A9D25}"
EndProject
Global
	GlobalSection(SolutionConfigurationPlatforms) = preSolution
		Debug|Any CPU = Debug|Any CPU
		Release|Any CPU = Release|Any CPU
	EndGlobalSection
	GlobalSection(ProjectConfigurationPlatforms) = postSolution
		{40B94413-C8CD-481E-8F65-6E11258A9D25}.Debug|Any CPU.ActiveCfg = Debug|Any CPU
		{40B94413-C8CD-481E-8F65-6E11258A9D25}.Debug|Any CPU.Build.0 = Debug|Any CPU
		{40B94413-C8CD-481E-8F65-6E11258A9D25}.Release|Any CPU.ActiveCfg = Release|Any CPU
		{40B94413-C8CD-481E-8F65-6E11258A9D25}.Release|Any CPU.Build.0 = Release|Any CPU
	EndGlobalSection
	GlobalSection(SolutionProperties) = preSolution
		HideSolutionNode = FALSE
	EndGlobalSection
	GlobalSection(ExtensibilityGlobals) = postSolution
		SolutionGuid = {A07A8A70-882B-4467-BAC3-F533874BD174}
	EndGlobalSection
EndGlobal
